{
  "requires": true,
  "lockfileVersion": 1,
  "dependencies": {
    "radar-sdk-js": {
      "version": "1.1.0",
      "resolved": "https://registry.npmjs.org/radar-sdk-js/-/radar-sdk-js-1.1.0.tgz",
      "integrity": "sha512-PBJDw0JS1qbZDdx6Xwqm+dv36kq0fc0Ycqq4Z3qrq2SQLbOy0f29+voIx40BN3TDHDL+AYIYAJSDYAOXpZ5q3A=="
    }
  }
}
